
Microsoft Visual Studio Solution File, Format Version 12.00
# Visual Studio Version 17
VisualStudioVersion = 17.0.32014.148
MinimumVisualStudioVersion = 10.0.40219.1
Project("{FAE04EC0-301F-11D3-BF4B-00C04F79EFBC}") = "WindowsFormsApp1", "WindowsFormsApp1\WindowsFormsApp1.csproj", "{F48CF79A-D513-4B81-9377-CA0A220EC388}"
EndProject
Global
	GlobalSection(SolutionConfigurationPlatforms) = preSolution
		Debug|Any CPU = Debug|Any CPU
		Release|Any CPU = Release|Any CPU
	EndGlobalSection
	GlobalSection(ProjectConfigurationPlatforms) = postSolution
		{F48CF79A-D513-4B81-9377-CA0A220EC388}.Debug|Any CPU.ActiveCfg = Debug|Any CPU
		{F48CF79A-D513-4B81-9377-CA0A220EC388}.Debug|Any CPU.Build.0 = Debug|Any CPU
		{F48CF79A-D513-4B81-9377-CA0A220EC388}.Release|Any CPU.ActiveCfg = Release|Any CPU
		{F48CF79A-D513-4B81-9377-CA0A220EC388}.Release|Any CPU.Build.0 = Release|Any CPU
	EndGlobalSection
	GlobalSection(SolutionProperties) = preSolution
		HideSolutionNode = FALSE
	EndGlobalSection
	GlobalSection(ExtensibilityGlobals) = postSolution
		SolutionGuid = {02FCBA19-E797-44EC-8CEB-62C8F114BF84}
	EndGlobalSection
EndGlobal
